dependencies:
  espressif/esp-dsp:
    component_hash: ed9ac175b14e0414399a2b33c525579414b5bad19a2a67b12ea212def96f9a98
    dependencies:
    - name: idf
      require: private
      version: '>=4.2'
    source:
      registry_url: https://components.espressif.com/
      type: service
    version: 1.8.2
  idf:
    source:
      type: idf
    version: 6.0.1
direct_dependencies:
- espressif/esp-dsp
- idf
manifest_hash: aaeab156f854e1f3c207adafe4716c9e87038f20f74121b6ad015ce7caffc0f5
target: esp32s3
version: 3.0.0
